
Microsoft Visual Studio Solution File, Format Version 12.00
# Visual Studio Version 17
VisualStudioVersion = 17.3.32922.545
MinimumVisualStudioVersion = 10.0.40219.1
Project("{8BC9CEB8-8B4A-11D0-8D11-00A0C91BC942}") = "Uebung01", "Uebung01\Uebung01.vcxproj", "{AFA5CA2D-14EE-4799-B90D-922AF2DCDB5B}"
EndProject
Project("{8BC9CEB8-8B4A-11D0-8D11-00A0C91BC942}") = "Uebung02", "Uebung02\Uebung02.vcxproj", "{0F9F7A6D-D27C-4524-9446-52EB360D3B3A}"
EndProject
Project("{8BC9CEB8-8B4A-11D0-8D11-00A0C91BC942}") = "Uebung03", "Uebung03\Uebung03.vcxproj", "{F01A34EC-94E5-4001-ADA0-C39894B10485}"
EndProject
Project("{8BC9CEB8-8B4A-11D0-8D11-00A0C91BC942}") = "Uebung04", "Uebung04\Uebung04.vcxproj", "{57F43469-C598-426C-811F-275B48B530C1}"
EndProject
Project("{8BC9CEB8-8B4A-11D0-8D11-00A0C91BC942}") = "Uebung05", "Uebung05\Uebung05.vcxproj", "{F50476F7-9D21-4525-B7E0-E87D2254C69A}"
EndProject
Project("{8BC9CEB8-8B4A-11D0-8D11-00A0C91BC942}") = "Uebung06", "Uebung06\Uebung06.vcxproj", "{B4C09161-029B-4146-8EB6-D87FE80C9BFE}"
EndProject
Project("{8BC9CEB8-8B4A-11D0-8D11-00A0C91BC942}") = "testspace", "testspace\testspace.vcxproj", "{1047478C-7FF5-4611-8E8E-2F24A0241E44}"
EndProject
Project("{8BC9CEB8-8B4A-11D0-8D11-00A0C91BC942}") = "Uebung07", "Uebung07\Uebung07.vcxproj", "{DF6B5F9C-44B2-48A1-97C0-695D1C88A57D}"
EndProject
Project("{8BC9CEB8-8B4A-11D0-8D11-00A0C91BC942}") = "Uebung08", "Uebung08\Uebung08.vcxproj", "{4905D9F3-CE9C-4A25-855C-51E8CF4FFD7F}"
EndProject
Project("{8BC9CEB8-8B4A-11D0-8D11-00A0C91BC942}") = "Uebung09", "Uebung09\Uebung09.vcxproj", "{FB634A66-EA8F-4B91-ABAC-46B4CB61334D}"
EndProject
Project("{8BC9CEB8-8B4A-11D0-8D11-00A0C91BC942}") = "Uebung10", "Uebung10\Uebung10.vcxproj", "{61F423CF-DD77-4780-93D5-4AECF0FD13F1}"
EndProject
Project("{8BC9CEB8-8B4A-11D0-8D11-00A0C91BC942}") = "Uebung11", "Uebung11\Uebung11.vcxproj", "{2824A161-0F3A-4E8E-84E9-25543B6D514F}"
EndProject
Global
	GlobalSection(SolutionConfigurationPlatforms) = preSolution
		Debug|x64 = Debug|x64
		Debug|x86 = Debug|x86
		Release|x64 = Release|x64
		Release|x86 = Release|x86
	EndGlobalSection
	GlobalSection(ProjectConfigurationPlatforms) = postSolution
		{AFA5CA2D-14EE-4799-B90D-922AF2DCDB5B}.Debug|x64.ActiveCfg = Debug|x64
		{AFA5CA2D-14EE-4799-B90D-922AF2DCDB5B}.Debug|x64.Build.0 = Debug|x64
		{AFA5CA2D-14EE-4799-B90D-922AF2DCDB5B}.Debug|x86.ActiveCfg = Debug|Win32
		{AFA5CA2D-14EE-4799-B90D-922AF2DCDB5B}.Debug|x86.Build.0 = Debug|Win32
		{AFA5CA2D-14EE-4799-B90D-922AF2DCDB5B}.Release|x64.ActiveCfg = Release|x64
		{AFA5CA2D-14EE-4799-B90D-922AF2DCDB5B}.Release|x64.Build.0 = Release|x64
		{AFA5CA2D-14EE-4799-B90D-922AF2DCDB5B}.Release|x86.ActiveCfg = Release|Win32
		{AFA5CA2D-14EE-4799-B90D-922AF2DCDB5B}.Release|x86.Build.0 = Release|Win32
		{0F9F7A6D-D27C-4524-9446-52EB360D3B3A}.Debug|x64.ActiveCfg = Debug|x64
		{0F9F7A6D-D27C-4524-9446-52EB360D3B3A}.Debug|x64.Build.0 = Debug|x64
		{0F9F7A6D-D27C-4524-9446-52EB360D3B3A}.Debug|x86.ActiveCfg = Debug|Win32
		{0F9F7A6D-D27C-4524-9446-52EB360D3B3A}.Debug|x86.Build.0 = Debug|Win32
		{0F9F7A6D-D27C-4524-9446-52EB360D3B3A}.Release|x64.ActiveCfg = Release|x64
		{0F9F7A6D-D27C-4524-9446-52EB360D3B3A}.Release|x64.Build.0 = Release|x64
		{0F9F7A6D-D27C-4524-9446-52EB360D3B3A}.Release|x86.ActiveCfg = Release|Win32
		{0F9F7A6D-D27C-4524-9446-52EB360D3B3A}.Release|x86.Build.0 = Release|Win32
		{F01A34EC-94E5-4001-ADA0-C39894B10485}.Debug|x64.ActiveCfg = Debug|x64
		{F01A34EC-94E5-4001-ADA0-C39894B10485}.Debug|x64.Build.0 = Debug|x64
		{F01A34EC-94E5-4001-ADA0-C39894B10485}.Debug|x86.ActiveCfg = Debug|Win32
		{F01A34EC-94E5-4001-ADA0-C39894B10485}.Debug|x86.Build.0 = Debug|Win32
		{F01A34EC-94E5-4001-ADA0-C39894B10485}.Release|x64.ActiveCfg = Release|x64
		{F01A34EC-94E5-4001-ADA0-C39894B10485}.Release|x64.Build.0 = Release|x64
		{F01A34EC-94E5-4001-ADA0-C39894B10485}.Release|x86.ActiveCfg = Release|Win32
		{F01A34EC-94E5-4001-ADA0-C39894B10485}.Release|x86.Build.0 = Release|Win32
		{57F43469-C598-426C-811F-275B48B530C1}.Debug|x64.ActiveCfg = Debug|x64
		{57F43469-C598-426C-811F-275B48B530C1}.Debug|x64.Build.0 = Debug|x64
		{57F43469-C598-426C-811F-275B48B530C1}.Debug|x86.ActiveCfg = Debug|Win32
		{57F43469-C598-426C-811F-275B48B530C1}.Debug|x86.Build.0 = Debug|Win32
		{57F43469-C598-426C-811F-275B48B530C1}.Release|x64.ActiveCfg = Release|x64
		{57F43469-C598-426C-811F-275B48B530C1}.Release|x64.Build.0 = Release|x64
		{57F43469-C598-426C-811F-275B48B530C1}.Release|x86.ActiveCfg = Release|Win32
		{57F43469-C598-426C-811F-275B48B530C1}.Release|x86.Build.0 = Release|Win32
		{F50476F7-9D21-4525-B7E0-E87D2254C69A}.Debug|x64.ActiveCfg = Debug|x64
		{F50476F7-9D21-4525-B7E0-E87D2254C69A}.Debug|x64.Build.0 = Debug|x64
		{F50476F7-9D21-4525-B7E0-E87D2254C69A}.Debug|x86.ActiveCfg = Debug|Win32
		{F50476F7-9D21-4525-B7E0-E87D2254C69A}.Debug|x86.Build.0 = Debug|Win32
		{F50476F7-9D21-4525-B7E0-E87D2254C69A}.Release|x64.ActiveCfg = Release|x64
		{F50476F7-9D21-4525-B7E0-E87D2254C69A}.Release|x64.Build.0 = Release|x64
		{F50476F7-9D21-4525-B7E0-E87D2254C69A}.Release|x86.ActiveCfg = Release|Win32
		{F50476F7-9D21-4525-B7E0-E87D2254C69A}.Release|x86.Build.0 = Release|Win32
		{B4C09161-029B-4146-8EB6-D87FE80C9BFE}.Debug|x64.ActiveCfg = Debug|x64
		{B4C09161-029B-4146-8EB6-D87FE80C9BFE}.Debug|x64.Build.0 = Debug|x64
		{B4C09161-029B-4146-8EB6-D87FE80C9BFE}.Debug|x86.ActiveCfg = Debug|Win32
		{B4C09161-029B-4146-8EB6-D87FE80C9BFE}.Debug|x86.Build.0 = Debug|Win32
		{B4C09161-029B-4146-8EB6-D87FE80C9BFE}.Release|x64.ActiveCfg = Release|x64
		{B4C09161-029B-4146-8EB6-D87FE80C9BFE}.Release|x64.Build.0 = Release|x64
		{B4C09161-029B-4146-8EB6-D87FE80C9BFE}.Release|x86.ActiveCfg = Release|Win32
		{B4C09161-029B-4146-8EB6-D87FE80C9BFE}.Release|x86.Build.0 = Release|Win32
		{1047478C-7FF5-4611-8E8E-2F24A0241E44}.Debug|x64.ActiveCfg = Debug|x64
		{1047478C-7FF5-4611-8E8E-2F24A0241E44}.Debug|x64.Build.0 = Debug|x64
		{1047478C-7FF5-4611-8E8E-2F24A0241E44}.Debug|x86.ActiveCfg = Debug|Win32
		{1047478C-7FF5-4611-8E8E-2F24A0241E44}.Debug|x86.Build.0 = Debug|Win32
		{1047478C-7FF5-4611-8E8E-2F24A0241E44}.Release|x64.ActiveCfg = Release|x64
		{1047478C-7FF5-4611-8E8E-2F24A0241E44}.Release|x64.Build.0 = Release|x64
		{1047478C-7FF5-4611-8E8E-2F24A0241E44}.Release|x86.ActiveCfg = Release|Win32
		{1047478C-7FF5-4611-8E8E-2F24A0241E44}.Release|x86.Build.0 = Release|Win32
		{DF6B5F9C-44B2-48A1-97C0-695D1C88A57D}.Debug|x64.ActiveCfg = Debug|x64
		{DF6B5F9C-44B2-48A1-97C0-695D1C88A57D}.Debug|x64.Build.0 = Debug|x64
		{DF6B5F9C-44B2-48A1-97C0-695D1C88A57D}.Debug|x86.ActiveCfg = Debug|Win32
		{DF6B5F9C-44B2-48A1-97C0-695D1C88A57D}.Debug|x86.Build.0 = Debug|Win32
		{DF6B5F9C-44B2-48A1-97C0-695D1C88A57D}.Release|x64.ActiveCfg = Release|x64
		{DF6B5F9C-44B2-48A1-97C0-695D1C88A57D}.Release|x64.Build.0 = Release|x64
		{DF6B5F9C-44B2-48A1-97C0-695D1C88A57D}.Release|x86.ActiveCfg = Release|Win32
		{DF6B5F9C-44B2-48A1-97C0-695D1C88A57D}.Release|x86.Build.0 = Release|Win32
		{4905D9F3-CE9C-4A25-855C-51E8CF4FFD7F}.Debug|x64.ActiveCfg = Debug|x64
		{4905D9F3-CE9C-4A25-855C-51E8CF4FFD7F}.Debug|x64.Build.0 = Debug|x64
		{4905D9F3-CE9C-4A25-855C-51E8CF4FFD7F}.Debug|x86.ActiveCfg = Debug|Win32
		{4905D9F3-CE9C-4A25-855C-51E8CF4FFD7F}.Debug|x86.Build.0 = Debug|Win32
		{4905D9F3-CE9C-4A25-855C-51E8CF4FFD7F}.Release|x64.ActiveCfg = Release|x64
		{4905D9F3-CE9C-4A25-855C-51E8CF4FFD7F}.Release|x64.Build.0 = Release|x64
		{4905D9F3-CE9C-4A25-855C-51E8CF4FFD7F}.Release|x86.ActiveCfg = Release|Win32
		{4905D9F3-CE9C-4A25-855C-51E8CF4FFD7F}.Release|x86.Build.0 = Release|Win32
		{FB634A66-EA8F-4B91-ABAC-46B4CB61334D}.Debug|x64.ActiveCfg = Debug|x64
		{FB634A66-EA8F-4B91-ABAC-46B4CB61334D}.Debug|x64.Build.0 = Debug|x64
		{FB634A66-EA8F-4B91-ABAC-46B4CB61334D}.Debug|x86.ActiveCfg = Debug|Win32
		{FB634A66-EA8F-4B91-ABAC-46B4CB61334D}.Debug|x86.Build.0 = Debug|Win32
		{FB634A66-EA8F-4B91-ABAC-46B4CB61334D}.Release|x64.ActiveCfg = Release|x64
		{FB634A66-EA8F-4B91-ABAC-46B4CB61334D}.Release|x64.Build.0 = Release|x64
		{FB634A66-EA8F-4B91-ABAC-46B4CB61334D}.Release|x86.ActiveCfg = Release|Win32
		{FB634A66-EA8F-4B91-ABAC-46B4CB61334D}.Release|x86.Build.0 = Release|Win32
		{61F423CF-DD77-4780-93D5-4AECF0FD13F1}.Debug|x64.ActiveCfg = Debug|x64
		{61F423CF-DD77-4780-93D5-4AECF0FD13F1}.Debug|x64.Build.0 = Debug|x64
		{61F423CF-DD77-4780-93D5-4AECF0FD13F1}.Debug|x86.ActiveCfg = Debug|Win32
		{61F423CF-DD77-4780-93D5-4AECF0FD13F1}.Debug|x86.Build.0 = Debug|Win32
		{61F423CF-DD77-4780-93D5-4AECF0FD13F1}.Release|x64.ActiveCfg = Release|x64
		{61F423CF-DD77-4780-93D5-4AECF0FD13F1}.Release|x64.Build.0 = Release|x64
		{61F423CF-DD77-4780-93D5-4AECF0FD13F1}.Release|x86.ActiveCfg = Release|Win32
		{61F423CF-DD77-4780-93D5-4AECF0FD13F1}.Release|x86.Build.0 = Release|Win32
		{2824A161-0F3A-4E8E-84E9-25543B6D514F}.Debug|x64.ActiveCfg = Debug|x64
		{2824A161-0F3A-4E8E-84E9-25543B6D514F}.Debug|x64.Build.0 = Debug|x64
		{2824A161-0F3A-4E8E-84E9-25543B6D514F}.Debug|x86.ActiveCfg = Debug|Win32
		{2824A161-0F3A-4E8E-84E9-25543B6D514F}.Debug|x86.Build.0 = Debug|Win32
		{2824A161-0F3A-4E8E-84E9-25543B6D514F}.Release|x64.ActiveCfg = Release|x64
		{2824A161-0F3A-4E8E-84E9-25543B6D514F}.Release|x64.Build.0 = Release|x64
		{2824A161-0F3A-4E8E-84E9-25543B6D514F}.Release|x86.ActiveCfg = Release|Win32
		{2824A161-0F3A-4E8E-84E9-25543B6D514F}.Release|x86.Build.0 = Release|Win32
	EndGlobalSection
	GlobalSection(SolutionProperties) = preSolution
		HideSolutionNode = FALSE
	EndGlobalSection
	GlobalSection(ExtensibilityGlobals) = postSolution
		SolutionGuid = {3C12B611-6F1E-482D-935A-6341A08592AE}
	EndGlobalSection
EndGlobal
